
Microsoft Visual Studio Solution File, Format Version 12.00
# Visual Studio Version 17
VisualStudioVersion = 17.0.32112.339
MinimumVisualStudioVersion = 10.0.40219.1
Project("{8BC9CEB8-8B4A-11D0-8D11-00A0C91BC942}") = "dir_info", "dir_info\dir_info.vcxproj", "{D44C0AFB-D44F-4B64-9423-6E3569F21AFB}"
EndProject
Global
	GlobalSection(SolutionConfigurationPlatforms) = preSolution
		Debug|x64 = Debug|x64
		Debug|x86 = Debug|x86
		Release|x64 = Release|x64
		Release|x86 = Release|x86
	EndGlobalSection
	GlobalSection(ProjectConfigurationPlatforms) = postSolution
		{D44C0AFB-D44F-4B64-9423-6E3569F21AFB}.Debug|x64.ActiveCfg = Debug|x64
		{D44C0AFB-D44F-4B64-9423-6E3569F21AFB}.Debug|x64.Build.0 = Debug|x64
		{D44C0AFB-D44F-4B64-9423-6E3569F21AFB}.Debug|x86.ActiveCfg = Debug|Win32
		{D44C0AFB-D44F-4B64-9423-6E3569F21AFB}.Debug|x86.Build.0 = Debug|Win32
		{D44C0AFB-D44F-4B64-9423-6E3569F21AFB}.Release|x64.ActiveCfg = Release|x64
		{D44C0AFB-D44F-4B64-9423-6E3569F21AFB}.Release|x64.Build.0 = Release|x64
		{D44C0AFB-D44F-4B64-9423-6E3569F21AFB}.Release|x86.ActiveCfg = Release|Win32
		{D44C0AFB-D44F-4B64-9423-6E3569F21AFB}.Release|x86.Build.0 = Release|Win32
	EndGlobalSection
	GlobalSection(SolutionProperties) = preSolution
		HideSolutionNode = FALSE
	EndGlobalSection
	GlobalSection(ExtensibilityGlobals) = postSolution
		SolutionGuid = {30F24CF8-0A29-4704-A409-997711555A6C}
	EndGlobalSection
EndGlobal
